
Microsoft Visual Studio Solution File, Format Version 12.00
# Visual Studio Version 17
VisualStudioVersion = 17.13.35913.81
MinimumVisualStudioVersion = 10.0.40219.1
Project("{2150E333-8FDC-42A3-9474-1A3956D46DE8}") = "src", "src", "{02EA681E-C7D8-13C7-8484-4AC65E1B71E8}"
EndProject
Project("{FAE04EC0-301F-11D3-BF4B-00C04F79EFBC}") = "SimpleTodo.Api", "src\SimpleTodo.Api\SimpleTodo.Api.csproj", "{4285BAFE-172C-42A2-85C3-B1DA6D07AC6F}"
EndProject
Project("{FAE04EC0-301F-11D3-BF4B-00C04F79EFBC}") = "SimpleTodo.Domain", "src\SimpleTodo.Domain\SimpleTodo.Domain.csproj", "{119B7F6D-D93E-4671-A6D6-0ED5860693AC}"
EndProject
Project("{FAE04EC0-301F-11D3-BF4B-00C04F79EFBC}") = "SimpleTodo.Infrastructure", "src\SimpleTodo.Infrastructure\SimpleTodo.Infrastructure.csproj", "{3B7D3703-30A5-43C1-B78E-77CA2C1ADAAA}"
EndProject
Project("{FAE04EC0-301F-11D3-BF4B-00C04F79EFBC}") = "SimpleTodo.Application", "src\SimpleTodo.Application\SimpleTodo.Application.csproj", "{CCF6195F-2F7E-4BB6-99A3-D38B1045328E}"
EndProject
Project("{E53339B2-1760-4266-BCC7-CA923CBCF16C}") = "docker-compose", "docker-compose.dcproj", "{81DDED9D-158B-E303-5F62-77A2896D2A5A}"
EndProject
Project("{2150E333-8FDC-42A3-9474-1A3956D46DE8}") = "tests", "tests", "{65BC42E4-FDDA-4BB1-8712-A87F7FF218C4}"
EndProject
Project("{2150E333-8FDC-42A3-9474-1A3956D46DE8}") = "UnitTesting", "UnitTesting", "{14A42362-4442-44C8-9045-6C6AD479504A}"
EndProject
Project("{FAE04EC0-301F-11D3-BF4B-00C04F79EFBC}") = "SimpleTodo.Infrastructure.Tests", "tests\UnitTests\SimpleTodo.Infrastructure.Tests\SimpleTodo.Infrastructure.Tests.csproj", "{12F73F70-D559-B662-A770-F8E39FD74334}"
EndProject
Project("{FAE04EC0-301F-11D3-BF4B-00C04F79EFBC}") = "SimpleTodo.Domain.Tests", "tests\UnitTests\SimpleTodo.Domain.Tests\SimpleTodo.Domain.Tests.csproj", "{D2F4911A-C9B7-A2B5-8837-17EABCFCD018}"
EndProject
Project("{FAE04EC0-301F-11D3-BF4B-00C04F79EFBC}") = "TestCommon", "tests\TestCommon\TestCommon.csproj", "{F9DC3547-6B46-B287-BEE2-332834B96AE1}"
EndProject
Project("{FAE04EC0-301F-11D3-BF4B-00C04F79EFBC}") = "SimpleTodo.Application.Tests", "tests\UnitTests\SimpleTodo.Application.Tests\SimpleTodo.Application.Tests.csproj", "{B00C666C-DAE5-4312-A5D5-8816D3E688A0}"
EndProject
Global
	GlobalSection(SolutionConfigurationPlatforms) = preSolution
		Debug|Any CPU = Debug|Any CPU
		Release|Any CPU = Release|Any CPU
	EndGlobalSection
	GlobalSection(ProjectConfigurationPlatforms) = postSolution
		{4285BAFE-172C-42A2-85C3-B1DA6D07AC6F}.Debug|Any CPU.ActiveCfg = Debug|Any CPU
		{4285BAFE-172C-42A2-85C3-B1DA6D07AC6F}.Debug|Any CPU.Build.0 = Debug|Any CPU
		{4285BAFE-172C-42A2-85C3-B1DA6D07AC6F}.Release|Any CPU.ActiveCfg = Release|Any CPU
		{4285BAFE-172C-42A2-85C3-B1DA6D07AC6F}.Release|Any CPU.Build.0 = Release|Any CPU
		{119B7F6D-D93E-4671-A6D6-0ED5860693AC}.Debug|Any CPU.ActiveCfg = Debug|Any CPU
		{119B7F6D-D93E-4671-A6D6-0ED5860693AC}.Debug|Any CPU.Build.0 = Debug|Any CPU
		{119B7F6D-D93E-4671-A6D6-0ED5860693AC}.Release|Any CPU.ActiveCfg = Release|Any CPU
		{119B7F6D-D93E-4671-A6D6-0ED5860693AC}.Release|Any CPU.Build.0 = Release|Any CPU
		{3B7D3703-30A5-43C1-B78E-77CA2C1ADAAA}.Debug|Any CPU.ActiveCfg = Debug|Any CPU
		{3B7D3703-30A5-43C1-B78E-77CA2C1ADAAA}.Debug|Any CPU.Build.0 = Debug|Any CPU
		{3B7D3703-30A5-43C1-B78E-77CA2C1ADAAA}.Release|Any CPU.ActiveCfg = Release|Any CPU
		{3B7D3703-30A5-43C1-B78E-77CA2C1ADAAA}.Release|Any CPU.Build.0 = Release|Any CPU
		{CCF6195F-2F7E-4BB6-99A3-D38B1045328E}.Debug|Any CPU.ActiveCfg = Debug|Any CPU
		{CCF6195F-2F7E-4BB6-99A3-D38B1045328E}.Debug|Any CPU.Build.0 = Debug|Any CPU
		{CCF6195F-2F7E-4BB6-99A3-D38B1045328E}.Release|Any CPU.ActiveCfg = Release|Any CPU
		{CCF6195F-2F7E-4BB6-99A3-D38B1045328E}.Release|Any CPU.Build.0 = Release|Any CPU
		{81DDED9D-158B-E303-5F62-77A2896D2A5A}.Debug|Any CPU.ActiveCfg = Debug|Any CPU
		{81DDED9D-158B-E303-5F62-77A2896D2A5A}.Debug|Any CPU.Build.0 = Debug|Any CPU
		{81DDED9D-158B-E303-5F62-77A2896D2A5A}.Release|Any CPU.ActiveCfg = Release|Any CPU
		{81DDED9D-158B-E303-5F62-77A2896D2A5A}.Release|Any CPU.Build.0 = Release|Any CPU
		{12F73F70-D559-B662-A770-F8E39FD74334}.Debug|Any CPU.ActiveCfg = Debug|Any CPU
		{12F73F70-D559-B662-A770-F8E39FD74334}.Debug|Any CPU.Build.0 = Debug|Any CPU
		{12F73F70-D559-B662-A770-F8E39FD74334}.Release|Any CPU.ActiveCfg = Release|Any CPU
		{12F73F70-D559-B662-A770-F8E39FD74334}.Release|Any CPU.Build.0 = Release|Any CPU
		{D2F4911A-C9B7-A2B5-8837-17EABCFCD018}.Debug|Any CPU.ActiveCfg = Debug|Any CPU
		{D2F4911A-C9B7-A2B5-8837-17EABCFCD018}.Debug|Any CPU.Build.0 = Debug|Any CPU
		{D2F4911A-C9B7-A2B5-8837-17EABCFCD018}.Release|Any CPU.ActiveCfg = Release|Any CPU
		{D2F4911A-C9B7-A2B5-8837-17EABCFCD018}.Release|Any CPU.Build.0 = Release|Any CPU
		{F9DC3547-6B46-B287-BEE2-332834B96AE1}.Debug|Any CPU.ActiveCfg = Debug|Any CPU
		{F9DC3547-6B46-B287-BEE2-332834B96AE1}.Debug|Any CPU.Build.0 = Debug|Any CPU
		{F9DC3547-6B46-B287-BEE2-332834B96AE1}.Release|Any CPU.ActiveCfg = Release|Any CPU
		{F9DC3547-6B46-B287-BEE2-332834B96AE1}.Release|Any CPU.Build.0 = Release|Any CPU
		{B00C666C-DAE5-4312-A5D5-8816D3E688A0}.Debug|Any CPU.ActiveCfg = Debug|Any CPU
		{B00C666C-DAE5-4312-A5D5-8816D3E688A0}.Debug|Any CPU.Build.0 = Debug|Any CPU
		{B00C666C-DAE5-4312-A5D5-8816D3E688A0}.Release|Any CPU.ActiveCfg = Release|Any CPU
		{B00C666C-DAE5-4312-A5D5-8816D3E688A0}.Release|Any CPU.Build.0 = Release|Any CPU
	EndGlobalSection
	GlobalSection(SolutionProperties) = preSolution
		HideSolutionNode = FALSE
	EndGlobalSection
	GlobalSection(NestedProjects) = preSolution
		{4285BAFE-172C-42A2-85C3-B1DA6D07AC6F} = {02EA681E-C7D8-13C7-8484-4AC65E1B71E8}
		{119B7F6D-D93E-4671-A6D6-0ED5860693AC} = {02EA681E-C7D8-13C7-8484-4AC65E1B71E8}
		{3B7D3703-30A5-43C1-B78E-77CA2C1ADAAA} = {02EA681E-C7D8-13C7-8484-4AC65E1B71E8}
		{CCF6195F-2F7E-4BB6-99A3-D38B1045328E} = {02EA681E-C7D8-13C7-8484-4AC65E1B71E8}
		{14A42362-4442-44C8-9045-6C6AD479504A} = {65BC42E4-FDDA-4BB1-8712-A87F7FF218C4}
		{12F73F70-D559-B662-A770-F8E39FD74334} = {14A42362-4442-44C8-9045-6C6AD479504A}
		{D2F4911A-C9B7-A2B5-8837-17EABCFCD018} = {14A42362-4442-44C8-9045-6C6AD479504A}
		{F9DC3547-6B46-B287-BEE2-332834B96AE1} = {65BC42E4-FDDA-4BB1-8712-A87F7FF218C4}
		{B00C666C-DAE5-4312-A5D5-8816D3E688A0} = {14A42362-4442-44C8-9045-6C6AD479504A}
	EndGlobalSection
	GlobalSection(ExtensibilityGlobals) = postSolution
		SolutionGuid = {85747D8B-1A20-462F-8779-703FCAB4C6AF}
	EndGlobalSection
EndGlobal
